
Microsoft Visual Studio Solution File, Format Version 12.00
# Visual Studio Version 17
VisualStudioVersion = 17.5.33516.290
MinimumVisualStudioVersion = 10.0.40219.1
Project("{FAE04EC0-301F-11D3-BF4B-00C04F79EFBC}") = "AdvancedNUnitApp", "AdvancedNUnitApp\AdvancedNUnitApp.csproj", "{156A4340-66C2-41C7-A545-A6DE61706FF3}"
EndProject
Project("{FAE04EC0-301F-11D3-BF4B-00C04F79EFBC}") = "AdvancedNUnitTests", "AdvancedNUnitTests\AdvancedNUnitTests.csproj", "{2E4ABE4B-A7DD-48BA-B15C-A5D0B52CCA66}"
EndProject
Global
	GlobalSection(SolutionConfigurationPlatforms) = preSolution
		Debug|Any CPU = Debug|Any CPU
		Release|Any CPU = Release|Any CPU
	EndGlobalSection
	GlobalSection(ProjectConfigurationPlatforms) = postSolution
		{156A4340-66C2-41C7-A545-A6DE61706FF3}.Debug|Any CPU.ActiveCfg = Debug|Any CPU
		{156A4340-66C2-41C7-A545-A6DE61706FF3}.Debug|Any CPU.Build.0 = Debug|Any CPU
		{156A4340-66C2-41C7-A545-A6DE61706FF3}.Release|Any CPU.ActiveCfg = Release|Any CPU
		{156A4340-66C2-41C7-A545-A6DE61706FF3}.Release|Any CPU.Build.0 = Release|Any CPU
		{2E4ABE4B-A7DD-48BA-B15C-A5D0B52CCA66}.Debug|Any CPU.ActiveCfg = Debug|Any CPU
		{2E4ABE4B-A7DD-48BA-B15C-A5D0B52CCA66}.Debug|Any CPU.Build.0 = Debug|Any CPU
		{2E4ABE4B-A7DD-48BA-B15C-A5D0B52CCA66}.Release|Any CPU.ActiveCfg = Release|Any CPU
		{2E4ABE4B-A7DD-48BA-B15C-A5D0B52CCA66}.Release|Any CPU.Build.0 = Release|Any CPU
	EndGlobalSection
	GlobalSection(SolutionProperties) = preSolution
		HideSolutionNode = FALSE
	EndGlobalSection
	GlobalSection(ExtensibilityGlobals) = postSolution
		SolutionGuid = {582302A0-C764-4CD2-82DC-98B3A78EA8EF}
	EndGlobalSection
EndGlobal
