
Microsoft Visual Studio Solution File, Format Version 12.00
# Visual Studio Version 17
VisualStudioVersion = 17.5.33516.290
MinimumVisualStudioVersion = 10.0.40219.1
Project("{FAE04EC0-301F-11D3-BF4B-00C04F79EFBC}") = "FourPillarsApp", "FourPillarsApp\FourPillarsApp.csproj", "{6D200D50-36A4-4A00-BB3D-FF3F22573992}"
EndProject
Project("{FAE04EC0-301F-11D3-BF4B-00C04F79EFBC}") = "FourPillarsTests", "FourPillarsTests\FourPillarsTests.csproj", "{E29DD563-37F4-48F3-BAD3-614A270473AA}"
EndProject
Global
	GlobalSection(SolutionConfigurationPlatforms) = preSolution
		Debug|Any CPU = Debug|Any CPU
		Release|Any CPU = Release|Any CPU
	EndGlobalSection
	GlobalSection(ProjectConfigurationPlatforms) = postSolution
		{6D200D50-36A4-4A00-BB3D-FF3F22573992}.Debug|Any CPU.ActiveCfg = Debug|Any CPU
		{6D200D50-36A4-4A00-BB3D-FF3F22573992}.Debug|Any CPU.Build.0 = Debug|Any CPU
		{6D200D50-36A4-4A00-BB3D-FF3F22573992}.Release|Any CPU.ActiveCfg = Release|Any CPU
		{6D200D50-36A4-4A00-BB3D-FF3F22573992}.Release|Any CPU.Build.0 = Release|Any CPU
		{E29DD563-37F4-48F3-BAD3-614A270473AA}.Debug|Any CPU.ActiveCfg = Debug|Any CPU
		{E29DD563-37F4-48F3-BAD3-614A270473AA}.Debug|Any CPU.Build.0 = Debug|Any CPU
		{E29DD563-37F4-48F3-BAD3-614A270473AA}.Release|Any CPU.ActiveCfg = Release|Any CPU
		{E29DD563-37F4-48F3-BAD3-614A270473AA}.Release|Any CPU.Build.0 = Release|Any CPU
	EndGlobalSection
	GlobalSection(SolutionProperties) = preSolution
		HideSolutionNode = FALSE
	EndGlobalSection
	GlobalSection(ExtensibilityGlobals) = postSolution
		SolutionGuid = {E00E9CB5-2F2A-4172-9203-80603D3377AC}
	EndGlobalSection
EndGlobal
