
Microsoft Visual Studio Solution File, Format Version 12.00
# Visual Studio Version 17
VisualStudioVersion = 17.5.33516.290
MinimumVisualStudioVersion = 10.0.40219.1
Project("{FAE04EC0-301F-11D3-BF4B-00C04F79EFBC}") = "RecursionApp", "RecursionApp\RecursionApp.csproj", "{34FA3BCD-64A3-4FC3-9F59-6EAEC18C597F}"
EndProject
Global
	GlobalSection(SolutionConfigurationPlatforms) = preSolution
		Debug|Any CPU = Debug|Any CPU
		Release|Any CPU = Release|Any CPU
	EndGlobalSection
	GlobalSection(ProjectConfigurationPlatforms) = postSolution
		{34FA3BCD-64A3-4FC3-9F59-6EAEC18C597F}.Debug|Any CPU.ActiveCfg = Debug|Any CPU
		{34FA3BCD-64A3-4FC3-9F59-6EAEC18C597F}.Debug|Any CPU.Build.0 = Debug|Any CPU
		{34FA3BCD-64A3-4FC3-9F59-6EAEC18C597F}.Release|Any CPU.ActiveCfg = Release|Any CPU
		{34FA3BCD-64A3-4FC3-9F59-6EAEC18C597F}.Release|Any CPU.Build.0 = Release|Any CPU
	EndGlobalSection
	GlobalSection(SolutionProperties) = preSolution
		HideSolutionNode = FALSE
	EndGlobalSection
	GlobalSection(ExtensibilityGlobals) = postSolution
		SolutionGuid = {71D589C9-FCA3-40B0-8F48-BF814FC20E5C}
	EndGlobalSection
EndGlobal
