
Microsoft Visual Studio Solution File, Format Version 12.00
# Visual Studio Version 17
VisualStudioVersion = 17.5.33516.290
MinimumVisualStudioVersion = 10.0.40219.1
Project("{9A19103F-16F7-4668-BE54-9A1E7A4F7556}") = "FourPillarsApp", "FourPillars2App\FourPillarsApp.csproj", "{6B71D0C8-76BF-42EC-830E-E517CD3FB6A2}"
EndProject
Project("{FAE04EC0-301F-11D3-BF4B-00C04F79EFBC}") = "FourPillarsTests", "FourPillarsTests\FourPillarsTests.csproj", "{56BFC738-C6DA-4A2B-B961-A368D88BC71C}"
EndProject
Global
	GlobalSection(SolutionConfigurationPlatforms) = preSolution
		Debug|Any CPU = Debug|Any CPU
		Release|Any CPU = Release|Any CPU
	EndGlobalSection
	GlobalSection(ProjectConfigurationPlatforms) = postSolution
		{6B71D0C8-76BF-42EC-830E-E517CD3FB6A2}.Debug|Any CPU.ActiveCfg = Debug|Any CPU
		{6B71D0C8-76BF-42EC-830E-E517CD3FB6A2}.Debug|Any CPU.Build.0 = Debug|Any CPU
		{6B71D0C8-76BF-42EC-830E-E517CD3FB6A2}.Release|Any CPU.ActiveCfg = Release|Any CPU
		{6B71D0C8-76BF-42EC-830E-E517CD3FB6A2}.Release|Any CPU.Build.0 = Release|Any CPU
		{56BFC738-C6DA-4A2B-B961-A368D88BC71C}.Debug|Any CPU.ActiveCfg = Debug|Any CPU
		{56BFC738-C6DA-4A2B-B961-A368D88BC71C}.Debug|Any CPU.Build.0 = Debug|Any CPU
		{56BFC738-C6DA-4A2B-B961-A368D88BC71C}.Release|Any CPU.ActiveCfg = Release|Any CPU
		{56BFC738-C6DA-4A2B-B961-A368D88BC71C}.Release|Any CPU.Build.0 = Release|Any CPU
	EndGlobalSection
	GlobalSection(SolutionProperties) = preSolution
		HideSolutionNode = FALSE
	EndGlobalSection
	GlobalSection(ExtensibilityGlobals) = postSolution
		SolutionGuid = {785232B6-6A0F-435B-A6C7-84A50E86CA08}
	EndGlobalSection
EndGlobal
